
Microsoft Visual Studio Solution File, Format Version 12.00
# Visual Studio Version 17
VisualStudioVersion = 17.7.34031.279
MinimumVisualStudioVersion = 10.0.40219.1
Project("{FAE04EC0-301F-11D3-BF4B-00C04F79EFBC}") = "ColorDropdown.Server", "ColorDropdown\Server\ColorDropdown.Server.csproj", "{419A1B2B-AFC1-4A9C-B9A0-0BD8C08C0431}"
EndProject
Project("{FAE04EC0-301F-11D3-BF4B-00C04F79EFBC}") = "ColorDropdown.Client", "ColorDropdown\Client\ColorDropdown.Client.csproj", "{C5142201-3F59-430C-8324-6415727FE7EE}"
EndProject
Project("{FAE04EC0-301F-11D3-BF4B-00C04F79EFBC}") = "ColorDropdown.Shared", "ColorDropdown\Shared\ColorDropdown.Shared.csproj", "{DB1D39CA-A41E-4411-90F1-AAA845860D09}"
EndProject
Global
	GlobalSection(SolutionConfigurationPlatforms) = preSolution
		Debug|Any CPU = Debug|Any CPU
		Release|Any CPU = Release|Any CPU
	EndGlobalSection
	GlobalSection(ProjectConfigurationPlatforms) = postSolution
		{419A1B2B-AFC1-4A9C-B9A0-0BD8C08C0431}.Debug|Any CPU.ActiveCfg = Debug|Any CPU
		{419A1B2B-AFC1-4A9C-B9A0-0BD8C08C0431}.Debug|Any CPU.Build.0 = Debug|Any CPU
		{419A1B2B-AFC1-4A9C-B9A0-0BD8C08C0431}.Release|Any CPU.ActiveCfg = Release|Any CPU
		{419A1B2B-AFC1-4A9C-B9A0-0BD8C08C0431}.Release|Any CPU.Build.0 = Release|Any CPU
		{C5142201-3F59-430C-8324-6415727FE7EE}.Debug|Any CPU.ActiveCfg = Debug|Any CPU
		{C5142201-3F59-430C-8324-6415727FE7EE}.Debug|Any CPU.Build.0 = Debug|Any CPU
		{C5142201-3F59-430C-8324-6415727FE7EE}.Release|Any CPU.ActiveCfg = Release|Any CPU
		{C5142201-3F59-430C-8324-6415727FE7EE}.Release|Any CPU.Build.0 = Release|Any CPU
		{DB1D39CA-A41E-4411-90F1-AAA845860D09}.Debug|Any CPU.ActiveCfg = Debug|Any CPU
		{DB1D39CA-A41E-4411-90F1-AAA845860D09}.Debug|Any CPU.Build.0 = Debug|Any CPU
		{DB1D39CA-A41E-4411-90F1-AAA845860D09}.Release|Any CPU.ActiveCfg = Release|Any CPU
		{DB1D39CA-A41E-4411-90F1-AAA845860D09}.Release|Any CPU.Build.0 = Release|Any CPU
	EndGlobalSection
	GlobalSection(SolutionProperties) = preSolution
		HideSolutionNode = FALSE
	EndGlobalSection
	GlobalSection(ExtensibilityGlobals) = postSolution
		SolutionGuid = {A10E71CB-7F17-41A5-A9DA-9D00BE1699DF}
	EndGlobalSection
EndGlobal
